// !$*UTF8*$!
{
	archiveVersion = 1;
	classes = {
	};
	objectVersion = 46;
	objects = {

/* Begin PBXBuildFile section */
		601BD2F714EAB63D0078E588 /* UIKit.framework in Frameworks */ = {isa = PBXBuildFile; fileRef = 601BD2F614EAB63D0078E588 /* UIKit.framework */; };
		601BD2F914EAB63D0078E588 /* Foundation.framework in Frameworks */ = {isa = PBXBuildFile; fileRef = 601BD2F814EAB63D0078E588 /* Foundation.framework */; };
		601BD2FB14EAB63D0078E588 /* CoreGraphics.framework in Frameworks */ = {isa = PBXBuildFile; fileRef = 601BD2FA14EAB63D0078E588 /* CoreGraphics.framework */; };
		601BD30114EAB63D0078E588 /* InfoPlist.strings in Resources */ = {isa = PBXBuildFile; fileRef = 601BD2FF14EAB63D0078E588 /* InfoPlist.strings */; };
		601BD30314EAB63D0078E588 /* main.m in Sources */ = {isa = PBXBuildFile; fileRef = 601BD30214EAB63D0078E588 /* main.m */; };
		601BD30714EAB63D0078E588 /* AppDelegate.m in Sources */ = {isa = PBXBuildFile; fileRef = 601BD30614EAB63D0078E588 /* AppDelegate.m */; };
		601BD30F14EAB63D0078E588 /* SenTestingKit.framework in Frameworks */ = {isa = PBXBuildFile; fileRef = 601BD30E14EAB63D0078E588 /* SenTestingKit.framework */; };
		601BD31014EAB63D0078E588 /* UIKit.framework in Frameworks */ = {isa = PBXBuildFile; fileRef = 601BD2F614EAB63D0078E588 /* UIKit.framework */; };
		601BD31114EAB63D0078E588 /* Foundation.framework in Frameworks */ = {isa = PBXBuildFile; fileRef = 601BD2F814EAB63D0078E588 /* Foundation.framework */; };
		601BD31914EAB63D0078E588 /* InfoPlist.strings in Resources */ = {isa = PBXBuildFile; fileRef = 601BD31714EAB63D0078E588 /* InfoPlist.strings */; };
		601BD31C14EAB63D0078E588 /* TennisTests.m in Sources */ = {isa = PBXBuildFile; fileRef = 601BD31B14EAB63D0078E588 /* TennisTests.m */; };
/* End PBXBuildFile section */

/* Begin PBXContainerItemProxy section */
		601BD31214EAB63D0078E588 /* PBXContainerItemProxy */ = {
			isa = PBXContainerItemProxy;
			containerPortal = 601BD2E914EAB63C0078E588 /* Project object */;
			proxyType = 1;
			remoteGlobalIDString = 601BD2F114EAB63D0078E588;
			remoteInfo = Tennis;
		};
/* End PBXContainerItemProxy section */

/* Begin PBXFileReference section */
		601BD2F214EAB63D0078E588 /* Tennis.app */ = {isa = PBXFileReference; explicitFileType = wrapper.application; includeInIndex = 0; path = Tennis.app; sourceTree = BUILT_PRODUCTS_DIR; };
		601BD2F614EAB63D0078E588 /* UIKit.framework */ = {isa = PBXFileReference; lastKnownFileType = wrapper.framework; name = UIKit.framework; path = System/Library/Frameworks/UIKit.framework; sourceTree = SDKROOT; };
		601BD2F814EAB63D0078E588 /* Foundation.framework */ = {isa = PBXFileReference; lastKnownFileType = wrapper.framework; name = Foundation.framework; path = System/Library/Frameworks/Foundation.framework; sourceTree = SDKROOT; };
		601BD2FA14EAB63D0078E588 /* CoreGraphics.framework */ = {isa = PBXFileReference; lastKnownFileType = wrapper.framework; name = CoreGraphics.framework; path = System/Library/Frameworks/CoreGraphics.framework; sourceTree = SDKROOT; };
		601BD2FE14EAB63D0078E588 /* Tennis-Info.plist */ = {isa = PBXFileReference; lastKnownFileType = text.plist.xml; path = "Tennis-Info.plist"; sourceTree = "<group>"; };
		601BD30014EAB63D0078E588 /* en */ = {isa = PBXFileReference; lastKnownFileType = text.plist.strings; name = en; path = en.lproj/InfoPlist.strings; sourceTree = "<group>"; };
		601BD30214EAB63D0078E588 /* main.m */ = {isa = PBXFileReference; lastKnownFileType = sourcecode.c.objc; path = main.m; sourceTree = "<group>"; };
		601BD30414EAB63D0078E588 /* Tennis-Prefix.pch */ = {isa = PBXFileReference; lastKnownFileType = sourcecode.c.h; path = "Tennis-Prefix.pch"; sourceTree = "<group>"; };
		601BD30514EAB63D0078E588 /* AppDelegate.h */ = {isa = PBXFileReference; lastKnownFileType = sourcecode.c.h; path = AppDelegate.h; sourceTree = "<group>"; };
		601BD30614EAB63D0078E588 /* AppDelegate.m */ = {isa = PBXFileReference; lastKnownFileType = sourcecode.c.objc; path = AppDelegate.m; sourceTree = "<group>"; };
		601BD30D14EAB63D0078E588 /* TennisTests.octest */ = {isa = PBXFileReference; explicitFileType = wrapper.cfbundle; includeInIndex = 0; path = TennisTests.octest; sourceTree = BUILT_PRODUCTS_DIR; };
		601BD30E14EAB63D0078E588 /* SenTestingKit.framework */ = {isa = PBXFileReference; lastKnownFileType = wrapper.framework; name = SenTestingKit.framework; path = Library/Frameworks/SenTestingKit.framework; sourceTree = DEVELOPER_DIR; };
		601BD31614EAB63D0078E588 /* TennisTests-Info.plist */ = {isa = PBXFileReference; lastKnownFileType = text.plist.xml; path = "TennisTests-Info.plist"; sourceTree = "<group>"; };
		601BD31814EAB63D0078E588 /* en */ = {isa = PBXFileReference; lastKnownFileType = text.plist.strings; name = en; path = en.lproj/InfoPlist.strings; sourceTree = "<group>"; };
		601BD31A14EAB63D0078E588 /* TennisTests.h */ = {isa = PBXFileReference; lastKnownFileType = sourcecode.c.h; path = TennisTests.h; sourceTree = "<group>"; };
		601BD31B14EAB63D0078E588 /* TennisTests.m */ = {isa = PBXFileReference; lastKnownFileType = sourcecode.c.objc; path = TennisTests.m; sourceTree = "<group>"; };
/* End PBXFileReference section */

/* Begin PBXFrameworksBuildPhase section */
		601BD2EF14EAB63D0078E588 /* Frameworks */ = {
			isa = PBXFrameworksBuildPhase;
			buildActionMask = 2147483647;
			files = (
				601BD2F714EAB63D0078E588 /* UIKit.framework in Frameworks */,
				601BD2F914EAB63D0078E588 /* Foundation.framework in Frameworks */,
				601BD2FB14EAB63D0078E588 /* CoreGraphics.framework in Frameworks */,
			);
			runOnlyForDeploymentPostprocessing = 0;
		};
		601BD30914EAB63D0078E588 /* Frameworks */ = {
			isa = PBXFrameworksBuildPhase;
			buildActionMask = 2147483647;
			files = (
				601BD30F14EAB63D0078E588 /* SenTestingKit.framework in Frameworks */,
				601BD31014EAB63D0078E588 /* UIKit.framework in Frameworks */,
				601BD31114EAB63D0078E588 /* Foundation.framework in Frameworks */,
			);
			runOnlyForDeploymentPostprocessing = 0;
		};
/* End PBXFrameworksBuildPhase section */

/* Begin PBXGroup section */
		601BD2E714EAB63C0078E588 = {
			isa = PBXGroup;
			children = (
				601BD2FC14EAB63D0078E588 /* Tennis */,
				601BD31414EAB63D0078E588 /* TennisTests */,
				601BD2F514EAB63D0078E588 /* Frameworks */,
				601BD2F314EAB63D0078E588 /* Products */,
			);
			sourceTree = "<group>";
		};
		601BD2F314EAB63D0078E588 /* Products */ = {
			isa = PBXGroup;
			children = (
				601BD2F214EAB63D0078E588 /* Tennis.app */,
				601BD30D14EAB63D0078E588 /* TennisTests.octest */,
			);
			name = Products;
			sourceTree = "<group>";
		};
		601BD2F514EAB63D0078E588 /* Frameworks */ = {
			isa = PBXGroup;
			children = (
				601BD2F614EAB63D0078E588 /* UIKit.framework */,
				601BD2F814EAB63D0078E588 /* Foundation.framework */,
				601BD2FA14EAB63D0078E588 /* CoreGraphics.framework */,
				601BD30E14EAB63D0078E588 /* SenTestingKit.framework */,
			);
			name = Frameworks;
			sourceTree = "<group>";
		};
		601BD2FC14EAB63D0078E588 /* Tennis */ = {
			isa = PBXGroup;
			children = (
				601BD30514EAB63D0078E588 /* AppDelegate.h */,
				601BD30614EAB63D0078E588 /* AppDelegate.m */,
				601BD2FD14EAB63D0078E588 /* Supporting Files */,
			);
			path = Tennis;
			sourceTree = "<group>";
		};
		601BD2FD14EAB63D0078E588 /* Supporting Files */ = {
			isa = PBXGroup;
			children = (
				601BD2FE14EAB63D0078E588 /* Tennis-Info.plist */,
				601BD2FF14EAB63D0078E588 /* InfoPlist.strings */,
				601BD30214EAB63D0078E588 /* main.m */,
				601BD30414EAB63D0078E588 /* Tennis-Prefix.pch */,
			);
			name = "Supporting Files";
			sourceTree = "<group>";
		};
		601BD31414EAB63D0078E588 /* TennisTests */ = {
			isa = PBXGroup;
			children = (
				601BD31A14EAB63D0078E588 /* TennisTests.h */,
				601BD31B14EAB63D0078E588 /* TennisTests.m */,
				601BD31514EAB63D0078E588 /* Supporting Files */,
			);
			path = TennisTests;
			sourceTree = "<group>";
		};
		601BD31514EAB63D0078E588 /* Supporting Files */ = {
			isa = PBXGroup;
			children = (
				601BD31614EAB63D0078E588 /* TennisTests-Info.plist */,
				601BD31714EAB63D0078E588 /* InfoPlist.strings */,
			);
			name = "Supporting Files";
			sourceTree = "<group>";
		};
/* End PBXGroup section */

/* Begin PBXNativeTarget section */
		601BD2F114EAB63D0078E588 /* Tennis */ = {
			isa = PBXNativeTarget;
			buildConfigurationList = 601BD31F14EAB63D0078E588 /* Build configuration list for PBXNativeTarget "Tennis" */;
			buildPhases = (
				601BD2EE14EAB63D0078E588 /* Sources */,
				601BD2EF14EAB63D0078E588 /* Frameworks */,
				601BD2F014EAB63D0078E588 /* Resources */,
			);
			buildRules = (
			);
			dependencies = (
			);
			name = Tennis;
			productName = Tennis;
			productReference = 601BD2F214EAB63D0078E588 /* Tennis.app */;
			productType = "com.apple.product-type.application";
		};
		601BD30C14EAB63D0078E588 /* TennisTests */ = {
			isa = PBXNativeTarget;
			buildConfigurationList = 601BD32214EAB63D0078E588 /* Build configuration list for PBXNativeTarget "TennisTests" */;
			buildPhases = (
				601BD30814EAB63D0078E588 /* Sources */,
				601BD30914EAB63D0078E588 /* Frameworks */,
				601BD30A14EAB63D0078E588 /* Resources */,
				601BD30B14EAB63D0078E588 /* ShellScript */,
			);
			buildRules = (
			);
			dependencies = (
				601BD31314EAB63D0078E588 /* PBXTargetDependency */,
			);
			name = TennisTests;
			productName = TennisTests;
			productReference = 601BD30D14EAB63D0078E588 /* TennisTests.octest */;
			productType = "com.apple.product-type.bundle";
		};
/* End PBXNativeTarget section */

/* Begin PBXProject section */
		601BD2E914EAB63C0078E588 /* Project object */ = {
			isa = PBXProject;
			attributes = {
				LastUpgradeCheck = 0420;
			};
			buildConfigurationList = 601BD2EC14EAB63C0078E588 /* Build configuration list for PBXProject "Tennis" */;
			compatibilityVersion = "Xcode 3.2";
			developmentRegion = English;
			hasScannedForEncodings = 0;
			knownRegions = (
				en,
			);
			mainGroup = 601BD2E714EAB63C0078E588;
			productRefGroup = 601BD2F314EAB63D0078E588 /* Products */;
			projectDirPath = "";
			projectRoot = "";
			targets = (
				601BD2F114EAB63D0078E588 /* Tennis */,
				601BD30C14EAB63D0078E588 /* TennisTests */,
			);
		};
/* End PBXProject section */

/* Begin PBXResourcesBuildPhase section */
		601BD2F014EAB63D0078E588 /* Resources */ = {
			isa = PBXResourcesBuildPhase;
			buildActionMask = 2147483647;
			files = (
				601BD30114EAB63D0078E588 /* InfoPlist.strings in Resources */,
			);
			runOnlyForDeploymentPostprocessing = 0;
		};
		601BD30A14EAB63D0078E588 /* Resources */ = {
			isa = PBXResourcesBuildPhase;
			buildActionMask = 2147483647;
			files = (
				601BD31914EAB63D0078E588 /* InfoPlist.strings in Resources */,
			);
			runOnlyForDeploymentPostprocessing = 0;
		};
/* End PBXResourcesBuildPhase section */

/* Begin PBXShellScriptBuildPhase section */
		601BD30B14EAB63D0078E588 /* ShellScript */ = {
			isa = PBXShellScriptBuildPhase;
			buildActionMask = 2147483647;
			files = (
			);
			inputPaths = (
			);
			outputPaths = (
			);
			runOnlyForDeploymentPostprocessing = 0;
			shellPath = /bin/sh;
			shellScript = "# Run the unit tests in this test bundle.\n\"${SYSTEM_DEVELOPER_DIR}/Tools/RunUnitTests\"\n";
		};
/* End PBXShellScriptBuildPhase section */

/* Begin PBXSourcesBuildPhase section */
		601BD2EE14EAB63D0078E588 /* Sources */ = {
			isa = PBXSourcesBuildPhase;
			buildActionMask = 2147483647;
			files = (
				601BD30314EAB63D0078E588 /* main.m in Sources */,
				601BD30714EAB63D0078E588 /* AppDelegate.m in Sources */,
			);
			runOnlyForDeploymentPostprocessing = 0;
		};
		601BD30814EAB63D0078E588 /* Sources */ = {
			isa = PBXSourcesBuildPhase;
			buildActionMask = 2147483647;
			files = (
				601BD31C14EAB63D0078E588 /* TennisTests.m in Sources */,
			);
			runOnlyForDeploymentPostprocessing = 0;
		};
/* End PBXSourcesBuildPhase section */

/* Begin PBXTargetDependency section */
		601BD31314EAB63D0078E588 /* PBXTargetDependency */ = {
			isa = PBXTargetDependency;
			target = 601BD2F114EAB63D0078E588 /* Tennis */;
			targetProxy = 601BD31214EAB63D0078E588 /* PBXContainerItemProxy */;
		};
/* End PBXTargetDependency section */

/* Begin PBXVariantGroup section */
		601BD2FF14EAB63D0078E588 /* InfoPlist.strings */ = {
			isa = PBXVariantGroup;
			children = (
				601BD30014EAB63D0078E588 /* en */,
			);
			name = InfoPlist.strings;
			sourceTree = "<group>";
		};
		601BD31714EAB63D0078E588 /* InfoPlist.strings */ = {
			isa = PBXVariantGroup;
			children = (
				601BD31814EAB63D0078E588 /* en */,
			);
			name = InfoPlist.strings;
			sourceTree = "<group>";
		};
/* End PBXVariantGroup section */

/* Begin XCBuildConfiguration section */
		601BD31D14EAB63D0078E588 /* Debug */ = {
			isa = XCBuildConfiguration;
			buildSettings = {
				ALWAYS_SEARCH_USER_PATHS = NO;
				ARCHS = "$(ARCHS_STANDARD_32_BIT)";
				CLANG_ENABLE_OBJC_ARC = YES;
				"CODE_SIGN_IDENTITY[sdk=iphoneos*]" = "iPhone Developer";
				COPY_PHASE_STRIP = NO;
				GCC_C_LANGUAGE_STANDARD = gnu99;
				GCC_DYNAMIC_NO_PIC = NO;
				GCC_OPTIMIZATION_LEVEL = 0;
				GCC_PREPROCESSOR_DEFINITIONS = (
					"DEBUG=1",
					"$(inherited)",
				);
				GCC_SYMBOLS_PRIVATE_EXTERN = NO;
				GCC_VERSION = com.apple.compilers.llvm.clang.1_0;
				GCC_WARN_ABOUT_MISSING_PROTOTYPES = YES;
				GCC_WARN_ABOUT_RETURN_TYPE = YES;
				GCC_WARN_UNUSED_VARIABLE = YES;
				IPHONEOS_DEPLOYMENT_TARGET = 5.0;
				SDKROOT = iphoneos;
				TARGETED_DEVICE_FAMILY = "1,2";
			};
			name = Debug;
		};
		601BD31E14EAB63D0078E588 /* Release */ = {
			isa = XCBuildConfiguration;
			buildSettings = {
				ALWAYS_SEARCH_USER_PATHS = NO;
				ARCHS = "$(ARCHS_STANDARD_32_BIT)";
				CLANG_ENABLE_OBJC_ARC = YES;
				"CODE_SIGN_IDENTITY[sdk=iphoneos*]" = "iPhone Developer";
				COPY_PHASE_STRIP = YES;
				GCC_C_LANGUAGE_STANDARD = gnu99;
				GCC_VERSION = com.apple.compilers.llvm.clang.1_0;
				GCC_WARN_ABOUT_MISSING_PROTOTYPES = YES;
				GCC_WARN_ABOUT_RETURN_TYPE = YES;
				GCC_WARN_UNUSED_VARIABLE = YES;
				IPHONEOS_DEPLOYMENT_TARGET = 5.0;
				OTHER_CFLAGS = "-DNS_BLOCK_ASSERTIONS=1";
				SDKROOT = iphoneos;
				TARGETED_DEVICE_FAMILY = "1,2";
				VALIDATE_PRODUCT = YES;
			};
			name = Release;
		};
		601BD32014EAB63D0078E588 /* Debug */ = {
			isa = XCBuildConfiguration;
			buildSettings = {
				GCC_PRECOMPILE_PREFIX_HEADER = YES;
				GCC_PREFIX_HEADER = "Tennis/Tennis-Prefix.pch";
				INFOPLIST_FILE = "Tennis/Tennis-Info.plist";
				PRODUCT_NAME = "$(TARGET_NAME)";
				WRAPPER_EXTENSION = app;
			};
			name = Debug;
		};
		601BD32114EAB63D0078E588 /* Release */ = {
			isa = XCBuildConfiguration;
			buildSettings = {
				GCC_PRECOMPILE_PREFIX_HEADER = YES;
				GCC_PREFIX_HEADER = "Tennis/Tennis-Prefix.pch";
				INFOPLIST_FILE = "Tennis/Tennis-Info.plist";
				PRODUCT_NAME = "$(TARGET_NAME)";
				WRAPPER_EXTENSION = app;
			};
			name = Release;
		};
		601BD32314EAB63D0078E588 /* Debug */ = {
			isa = XCBuildConfiguration;
			buildSettings = {
				BUNDLE_LOADER = "$(BUILT_PRODUCTS_DIR)/Tennis.app/Tennis";
				FRAMEWORK_SEARCH_PATHS = (
					"$(SDKROOT)/Developer/Library/Frameworks",
					"$(DEVELOPER_LIBRARY_DIR)/Frameworks",
				);
				GCC_PRECOMPILE_PREFIX_HEADER = YES;
				GCC_PREFIX_HEADER = "Tennis/Tennis-Prefix.pch";
				INFOPLIST_FILE = "TennisTests/TennisTests-Info.plist";
				PRODUCT_NAME = "$(TARGET_NAME)";
				TEST_HOST = "$(BUNDLE_LOADER)";
				WRAPPER_EXTENSION = octest;
			};
			name = Debug;
		};
		601BD32414EAB63D0078E588 /* Release */ = {
			isa = XCBuildConfiguration;
			buildSettings = {
				BUNDLE_LOADER = "$(BUILT_PRODUCTS_DIR)/Tennis.app/Tennis";
				FRAMEWORK_SEARCH_PATHS = (
					"$(SDKROOT)/Developer/Library/Frameworks",
					"$(DEVELOPER_LIBRARY_DIR)/Frameworks",
				);
				GCC_PRECOMPILE_PREFIX_HEADER = YES;
				GCC_PREFIX_HEADER = "Tennis/Tennis-Prefix.pch";
				INFOPLIST_FILE = "TennisTests/TennisTests-Info.plist";
				PRODUCT_NAME = "$(TARGET_NAME)";
				TEST_HOST = "$(BUNDLE_LOADER)";
				WRAPPER_EXTENSION = octest;
			};
			name = Release;
		};
/* End XCBuildConfiguration section */

/* Begin XCConfigurationList section */
		601BD2EC14EAB63C0078E588 /* Build configuration list for PBXProject "Tennis" */ = {
			isa = XCConfigurationList;
			buildConfigurations = (
				601BD31D14EAB63D0078E588 /* Debug */,
				601BD31E14EAB63D0078E588 /* Release */,
			);
			defaultConfigurationIsVisible = 0;
			defaultConfigurationName = Release;
		};
		601BD31F14EAB63D0078E588 /* Build configuration list for PBXNativeTarget "Tennis" */ = {
			isa = XCConfigurationList;
			buildConfigurations = (
				601BD32014EAB63D0078E588 /* Debug */,
				601BD32114EAB63D0078E588 /* Release */,
			);
			defaultConfigurationIsVisible = 0;
		};
		601BD32214EAB63D0078E588 /* Build configuration list for PBXNativeTarget "TennisTests" */ = {
			isa = XCConfigurationList;
			buildConfigurations = (
				601BD32314EAB63D0078E588 /* Debug */,
				601BD32414EAB63D0078E588 /* Release */,
			);
			defaultConfigurationIsVisible = 0;
		};
/* End XCConfigurationList section */
	};
	rootObject = 601BD2E914EAB63C0078E588 /* Project object */;
}
